
Microsoft Visual Studio Solution File, Format Version 12.00
# Visual Studio Version 17
VisualStudioVersion = 17.3.32901.215
MinimumVisualStudioVersion = 10.0.40219.1
Project("{FAE04EC0-301F-11D3-BF4B-00C04F79EFBC}") = "ConsoleApp4", "ConsoleApp4\ConsoleApp4.csproj", "{FBB2CAE4-866E-4A3B-97AA-95898C3897A3}"
EndProject
Global
	GlobalSection(SolutionConfigurationPlatforms) = preSolution
		Debug|Any CPU = Debug|Any CPU
		Release|Any CPU = Release|Any CPU
	EndGlobalSection
	GlobalSection(ProjectConfigurationPlatforms) = postSolution
		{FBB2CAE4-866E-4A3B-97AA-95898C3897A3}.Debug|Any CPU.ActiveCfg = Debug|Any CPU
		{FBB2CAE4-866E-4A3B-97AA-95898C3897A3}.Debug|Any CPU.Build.0 = Debug|Any CPU
		{FBB2CAE4-866E-4A3B-97AA-95898C3897A3}.Release|Any CPU.ActiveCfg = Release|Any CPU
		{FBB2CAE4-866E-4A3B-97AA-95898C3897A3}.Release|Any CPU.Build.0 = Release|Any CPU
	EndGlobalSection
	GlobalSection(SolutionProperties) = preSolution
		HideSolutionNode = FALSE
	EndGlobalSection
	GlobalSection(ExtensibilityGlobals) = postSolution
		SolutionGuid = {CEE3BCD4-1C70-4F0B-B899-ECC795089D9E}
	EndGlobalSection
EndGlobal
